
Microsoft Visual Studio Solution File, Format Version 12.00
# Visual Studio Version 16
VisualStudioVersion = 16.0.29230.47
MinimumVisualStudioVersion = 10.0.40219.1
Project("{FAE04EC0-301F-11D3-BF4B-00C04F79EFBC}") = "laba1", "laba1\laba1.csproj", "{C4E62C27-6A28-4880-8287-CDDCCEAE3EDA}"
EndProject
Global
	GlobalSection(SolutionConfigurationPlatforms) = preSolution
		Debug|Any CPU = Debug|Any CPU
		Release|Any CPU = Release|Any CPU
	EndGlobalSection
	GlobalSection(ProjectConfigurationPlatforms) = postSolution
		{C4E62C27-6A28-4880-8287-CDDCCEAE3EDA}.Debug|Any CPU.ActiveCfg = Debug|Any CPU
		{C4E62C27-6A28-4880-8287-CDDCCEAE3EDA}.Debug|Any CPU.Build.0 = Debug|Any CPU
		{C4E62C27-6A28-4880-8287-CDDCCEAE3EDA}.Release|Any CPU.ActiveCfg = Release|Any CPU
		{C4E62C27-6A28-4880-8287-CDDCCEAE3EDA}.Release|Any CPU.Build.0 = Release|Any CPU
	EndGlobalSection
	GlobalSection(SolutionProperties) = preSolution
		HideSolutionNode = FALSE
	EndGlobalSection
	GlobalSection(ExtensibilityGlobals) = postSolution
		SolutionGuid = {3E782590-25B8-4BA0-BA6E-9CF7FFA3A5A7}
	EndGlobalSection
EndGlobal
